
Microsoft Visual Studio Solution File, Format Version 12.00
# Visual Studio Version 16
VisualStudioVersion = 16.0.30225.117
MinimumVisualStudioVersion = 10.0.40219.1
Project("{FAE04EC0-301F-11D3-BF4B-00C04F79EFBC}") = "JsonCitiesDivider", "JsonCitiesDivider\JsonCitiesDivider.csproj", "{6159C2AD-4525-48BB-AC3A-BB13FDA39037}"
EndProject
Global
	GlobalSection(SolutionConfigurationPlatforms) = preSolution
		Debug|Any CPU = Debug|Any CPU
		Release|Any CPU = Release|Any CPU
	EndGlobalSection
	GlobalSection(ProjectConfigurationPlatforms) = postSolution
		{6159C2AD-4525-48BB-AC3A-BB13FDA39037}.Debug|Any CPU.ActiveCfg = Debug|Any CPU
		{6159C2AD-4525-48BB-AC3A-BB13FDA39037}.Debug|Any CPU.Build.0 = Debug|Any CPU
		{6159C2AD-4525-48BB-AC3A-BB13FDA39037}.Release|Any CPU.ActiveCfg = Release|Any CPU
		{6159C2AD-4525-48BB-AC3A-BB13FDA39037}.Release|Any CPU.Build.0 = Release|Any CPU
	EndGlobalSection
	GlobalSection(SolutionProperties) = preSolution
		HideSolutionNode = FALSE
	EndGlobalSection
	GlobalSection(ExtensibilityGlobals) = postSolution
		SolutionGuid = {969DF5EC-0F7C-42C7-A6C8-3F2A120A3D9E}
	EndGlobalSection
EndGlobal
